
Microsoft Visual Studio Solution File, Format Version 12.00
# Visual Studio Version 16
VisualStudioVersion = 16.0.29306.81
MinimumVisualStudioVersion = 10.0.40219.1
Project("{FAE04EC0-301F-11D3-BF4B-00C04F79EFBC}") = "Test22", "Test22\Test22.csproj", "{37D011BF-B5F5-4ED3-B96E-A1AACEB24258}"
EndProject
Global
	GlobalSection(SolutionConfigurationPlatforms) = preSolution
		Debug|Any CPU = Debug|Any CPU
		Release|Any CPU = Release|Any CPU
	EndGlobalSection
	GlobalSection(ProjectConfigurationPlatforms) = postSolution
		{37D011BF-B5F5-4ED3-B96E-A1AACEB24258}.Debug|Any CPU.ActiveCfg = Debug|Any CPU
		{37D011BF-B5F5-4ED3-B96E-A1AACEB24258}.Debug|Any CPU.Build.0 = Debug|Any CPU
		{37D011BF-B5F5-4ED3-B96E-A1AACEB24258}.Release|Any CPU.ActiveCfg = Release|Any CPU
		{37D011BF-B5F5-4ED3-B96E-A1AACEB24258}.Release|Any CPU.Build.0 = Release|Any CPU
	EndGlobalSection
	GlobalSection(SolutionProperties) = preSolution
		HideSolutionNode = FALSE
	EndGlobalSection
	GlobalSection(ExtensibilityGlobals) = postSolution
		SolutionGuid = {ABF15A63-6913-448F-8EB1-4AE130D4D5B1}
	EndGlobalSection
EndGlobal
